// !$*UTF8*$!
{
	archiveVersion = 1;
	classes = {
	};
	objectVersion = 46;
	objects = {

/* Begin PBXBuildFile section */
		CF170E451949D85B004C975E /* GameBoard.swift in Sources */ = {isa = PBXBuildFile; fileRef = CF170E441949D85B004C975E /* GameBoard.swift */; };
		CF6A2FED194082B800A1D410 /* AppDelegate.swift in Sources */ = {isa = PBXBuildFile; fileRef = CF6A2FEC194082B800A1D410 /* AppDelegate.swift */; };
		CF6A2FEF194082B800A1D410 /* Images.xcassets in Resources */ = {isa = PBXBuildFile; fileRef = CF6A2FEE194082B800A1D410 /* Images.xcassets */; };
		CF6A2FFB194082B800A1D410 /* SuperFour2Tests.swift in Sources */ = {isa = PBXBuildFile; fileRef = CF6A2FFA194082B800A1D410 /* SuperFour2Tests.swift */; };
		CFED4CDF1940C5A600448AA9 /* Main.storyboard in Resources */ = {isa = PBXBuildFile; fileRef = CFED4CE11940C5A600448AA9 /* Main.storyboard */; };
		CFED4CE31940C6C300448AA9 /* ViewController.swift in Sources */ = {isa = PBXBuildFile; fileRef = CFED4CE21940C6C300448AA9 /* ViewController.swift */; };
		CFED4CE61941D9F000448AA9 /* SuperFourGame.swift in Sources */ = {isa = PBXBuildFile; fileRef = CFED4CE51941D9F000448AA9 /* SuperFourGame.swift */; };
		CFED4CE81941DD5300448AA9 /* GameboardView.swift in Sources */ = {isa = PBXBuildFile; fileRef = CFED4CE71941DD5300448AA9 /* GameboardView.swift */; };
		CFED4CEA1947451700448AA9 /* Stone.swift in Sources */ = {isa = PBXBuildFile; fileRef = CFED4CE91947451700448AA9 /* Stone.swift */; };
		CFF97F53194CAC9700FCC881 /* Brain.swift in Sources */ = {isa = PBXBuildFile; fileRef = CFF97F52194CAC9700FCC881 /* Brain.swift */; };
/* End PBXBuildFile section */

/* Begin PBXContainerItemProxy section */
		CF6A2FF5194082B800A1D410 /* PBXContainerItemProxy */ = {
			isa = PBXContainerItemProxy;
			containerPortal = CF6A2FDF194082B800A1D410 /* Project object */;
			proxyType = 1;
			remoteGlobalIDString = CF6A2FE6194082B800A1D410;
			remoteInfo = SuperFour2;
		};
/* End PBXContainerItemProxy section */

/* Begin PBXFileReference section */
		CF170E441949D85B004C975E /* GameBoard.swift */ = {isa = PBXFileReference; fileEncoding = 4; lastKnownFileType = sourcecode.swift; name = GameBoard.swift; path = ../GameBoard.swift; sourceTree = "<group>"; };
		CF6A2FE7194082B800A1D410 /* SuperFour2.app */ = {isa = PBXFileReference; explicitFileType = wrapper.application; includeInIndex = 0; path = SuperFour2.app; sourceTree = BUILT_PRODUCTS_DIR; };
		CF6A2FEB194082B800A1D410 /* Info.plist */ = {isa = PBXFileReference; lastKnownFileType = text.plist.xml; path = Info.plist; sourceTree = "<group>"; };
		CF6A2FEC194082B800A1D410 /* AppDelegate.swift */ = {isa = PBXFileReference; lastKnownFileType = sourcecode.swift; path = AppDelegate.swift; sourceTree = "<group>"; };
		CF6A2FEE194082B800A1D410 /* Images.xcassets */ = {isa = PBXFileReference; lastKnownFileType = folder.assetcatalog; path = Images.xcassets; sourceTree = "<group>"; };
		CF6A2FF4194082B800A1D410 /* SuperFour2Tests.xctest */ = {isa = PBXFileReference; explicitFileType = wrapper.cfbundle; includeInIndex = 0; path = SuperFour2Tests.xctest; sourceTree = BUILT_PRODUCTS_DIR; };
		CF6A2FF9194082B800A1D410 /* Info.plist */ = {isa = PBXFileReference; lastKnownFileType = text.plist.xml; path = Info.plist; sourceTree = "<group>"; };
		CF6A2FFA194082B800A1D410 /* SuperFour2Tests.swift */ = {isa = PBXFileReference; lastKnownFileType = sourcecode.swift; path = SuperFour2Tests.swift; sourceTree = "<group>"; };
		CFED4CE01940C5A600448AA9 /* en */ = {isa = PBXFileReference; lastKnownFileType = file.storyboard; name = en; path = en.lproj/Main.storyboard; sourceTree = "<group>"; };
		CFED4CE21940C6C300448AA9 /* ViewController.swift */ = {isa = PBXFileReference; fileEncoding = 4; lastKnownFileType = sourcecode.swift; path = ViewController.swift; sourceTree = "<group>"; };
		CFED4CE51941D9F000448AA9 /* SuperFourGame.swift */ = {isa = PBXFileReference; fileEncoding = 4; lastKnownFileType = sourcecode.swift; path = SuperFourGame.swift; sourceTree = "<group>"; };
		CFED4CE71941DD5300448AA9 /* GameboardView.swift */ = {isa = PBXFileReference; fileEncoding = 4; lastKnownFileType = sourcecode.swift; path = GameboardView.swift; sourceTree = "<group>"; };
		CFED4CE91947451700448AA9 /* Stone.swift */ = {isa = PBXFileReference; fileEncoding = 4; lastKnownFileType = sourcecode.swift; name = Stone.swift; path = ../Stone.swift; sourceTree = "<group>"; };
		CFF97F52194CAC9700FCC881 /* Brain.swift */ = {isa = PBXFileReference; fileEncoding = 4; lastKnownFileType = sourcecode.swift; name = Brain.swift; path = ../Brain.swift; sourceTree = "<group>"; };
/* End PBXFileReference section */

/* Begin PBXFrameworksBuildPhase section */
		CF6A2FE4194082B800A1D410 /* Frameworks */ = {
			isa = PBXFrameworksBuildPhase;
			buildActionMask = 2147483647;
			files = (
			);
			runOnlyForDeploymentPostprocessing = 0;
		};
		CF6A2FF1194082B800A1D410 /* Frameworks */ = {
			isa = PBXFrameworksBuildPhase;
			buildActionMask = 2147483647;
			files = (
			);
			runOnlyForDeploymentPostprocessing = 0;
		};
/* End PBXFrameworksBuildPhase section */

/* Begin PBXGroup section */
		CF6A2FDE194082B800A1D410 = {
			isa = PBXGroup;
			children = (
				CF6A2FE9194082B800A1D410 /* SuperFour2 */,
				CF6A2FF7194082B800A1D410 /* SuperFour2Tests */,
				CF6A2FE8194082B800A1D410 /* Products */,
			);
			sourceTree = "<group>";
		};
		CF6A2FE8194082B800A1D410 /* Products */ = {
			isa = PBXGroup;
			children = (
				CF6A2FE7194082B800A1D410 /* SuperFour2.app */,
				CF6A2FF4194082B800A1D410 /* SuperFour2Tests.xctest */,
			);
			name = Products;
			sourceTree = "<group>";
		};
		CF6A2FE9194082B800A1D410 /* SuperFour2 */ = {
			isa = PBXGroup;
			children = (
				CFF97F52194CAC9700FCC881 /* Brain.swift */,
				CF170E441949D85B004C975E /* GameBoard.swift */,
				CFED4CE91947451700448AA9 /* Stone.swift */,
				CF6A2FEC194082B800A1D410 /* AppDelegate.swift */,
				CFED4CE21940C6C300448AA9 /* ViewController.swift */,
				CFED4CE51941D9F000448AA9 /* SuperFourGame.swift */,
				CFED4CE71941DD5300448AA9 /* GameboardView.swift */,
				CFED4CE11940C5A600448AA9 /* Main.storyboard */,
				CF6A2FEE194082B800A1D410 /* Images.xcassets */,
				CF6A2FEA194082B800A1D410 /* Supporting Files */,
			);
			path = SuperFour2;
			sourceTree = "<group>";
		};
		CF6A2FEA194082B800A1D410 /* Supporting Files */ = {
			isa = PBXGroup;
			children = (
				CF6A2FEB194082B800A1D410 /* Info.plist */,
			);
			name = "Supporting Files";
			sourceTree = "<group>";
		};
		CF6A2FF7194082B800A1D410 /* SuperFour2Tests */ = {
			isa = PBXGroup;
			children = (
				CF6A2FFA194082B800A1D410 /* SuperFour2Tests.swift */,
				CF6A2FF8194082B800A1D410 /* Supporting Files */,
			);
			path = SuperFour2Tests;
			sourceTree = "<group>";
		};
		CF6A2FF8194082B800A1D410 /* Supporting Files */ = {
			isa = PBXGroup;
			children = (
				CF6A2FF9194082B800A1D410 /* Info.plist */,
			);
			name = "Supporting Files";
			sourceTree = "<group>";
		};
/* End PBXGroup section */

/* Begin PBXNativeTarget section */
		CF6A2FE6194082B800A1D410 /* SuperFour2 */ = {
			isa = PBXNativeTarget;
			buildConfigurationList = CF6A2FFE194082B800A1D410 /* Build configuration list for PBXNativeTarget "SuperFour2" */;
			buildPhases = (
				CF6A2FE3194082B800A1D410 /* Sources */,
				CF6A2FE4194082B800A1D410 /* Frameworks */,
				CF6A2FE5194082B800A1D410 /* Resources */,
			);
			buildRules = (
			);
			dependencies = (
			);
			name = SuperFour2;
			productName = SuperFour2;
			productReference = CF6A2FE7194082B800A1D410 /* SuperFour2.app */;
			productType = "com.apple.product-type.application";
		};
		CF6A2FF3194082B800A1D410 /* SuperFour2Tests */ = {
			isa = PBXNativeTarget;
			buildConfigurationList = CF6A3001194082B800A1D410 /* Build configuration list for PBXNativeTarget "SuperFour2Tests" */;
			buildPhases = (
				CF6A2FF0194082B800A1D410 /* Sources */,
				CF6A2FF1194082B800A1D410 /* Frameworks */,
				CF6A2FF2194082B800A1D410 /* Resources */,
			);
			buildRules = (
			);
			dependencies = (
				CF6A2FF6194082B800A1D410 /* PBXTargetDependency */,
			);
			name = SuperFour2Tests;
			productName = SuperFour2Tests;
			productReference = CF6A2FF4194082B800A1D410 /* SuperFour2Tests.xctest */;
			productType = "com.apple.product-type.bundle.unit-test";
		};
/* End PBXNativeTarget section */

/* Begin PBXProject section */
		CF6A2FDF194082B800A1D410 /* Project object */ = {
			isa = PBXProject;
			attributes = {
				LastUpgradeCheck = 0600;
				ORGANIZATIONNAME = "AceLan Kao";
				TargetAttributes = {
					CF6A2FE6194082B800A1D410 = {
						CreatedOnToolsVersion = 6.0;
					};
					CF6A2FF3194082B800A1D410 = {
						CreatedOnToolsVersion = 6.0;
						TestTargetID = CF6A2FE6194082B800A1D410;
					};
				};
			};
			buildConfigurationList = CF6A2FE2194082B800A1D410 /* Build configuration list for PBXProject "SuperFour2" */;
			compatibilityVersion = "Xcode 3.2";
			developmentRegion = English;
			hasScannedForEncodings = 0;
			knownRegions = (
				en,
			);
			mainGroup = CF6A2FDE194082B800A1D410;
			productRefGroup = CF6A2FE8194082B800A1D410 /* Products */;
			projectDirPath = "";
			projectRoot = "";
			targets = (
				CF6A2FE6194082B800A1D410 /* SuperFour2 */,
				CF6A2FF3194082B800A1D410 /* SuperFour2Tests */,
			);
		};
/* End PBXProject section */

/* Begin PBXResourcesBuildPhase section */
		CF6A2FE5194082B800A1D410 /* Resources */ = {
			isa = PBXResourcesBuildPhase;
			buildActionMask = 2147483647;
			files = (
				CF6A2FEF194082B800A1D410 /* Images.xcassets in Resources */,
				CFED4CDF1940C5A600448AA9 /* Main.storyboard in Resources */,
			);
			runOnlyForDeploymentPostprocessing = 0;
		};
		CF6A2FF2194082B800A1D410 /* Resources */ = {
			isa = PBXResourcesBuildPhase;
			buildActionMask = 2147483647;
			files = (
			);
			runOnlyForDeploymentPostprocessing = 0;
		};
/* End PBXResourcesBuildPhase section */

/* Begin PBXSourcesBuildPhase section */
		CF6A2FE3194082B800A1D410 /* Sources */ = {
			isa = PBXSourcesBuildPhase;
			buildActionMask = 2147483647;
			files = (
				CFED4CEA1947451700448AA9 /* Stone.swift in Sources */,
				CFED4CE31940C6C300448AA9 /* ViewController.swift in Sources */,
				CF170E451949D85B004C975E /* GameBoard.swift in Sources */,
				CF6A2FED194082B800A1D410 /* AppDelegate.swift in Sources */,
				CFF97F53194CAC9700FCC881 /* Brain.swift in Sources */,
				CFED4CE61941D9F000448AA9 /* SuperFourGame.swift in Sources */,
				CFED4CE81941DD5300448AA9 /* GameboardView.swift in Sources */,
			);
			runOnlyForDeploymentPostprocessing = 0;
		};
		CF6A2FF0194082B800A1D410 /* Sources */ = {
			isa = PBXSourcesBuildPhase;
			buildActionMask = 2147483647;
			files = (
				CF6A2FFB194082B800A1D410 /* SuperFour2Tests.swift in Sources */,
			);
			runOnlyForDeploymentPostprocessing = 0;
		};
/* End PBXSourcesBuildPhase section */

/* Begin PBXTargetDependency section */
		CF6A2FF6194082B800A1D410 /* PBXTargetDependency */ = {
			isa = PBXTargetDependency;
			target = CF6A2FE6194082B800A1D410 /* SuperFour2 */;
			targetProxy = CF6A2FF5194082B800A1D410 /* PBXContainerItemProxy */;
		};
/* End PBXTargetDependency section */

/* Begin PBXVariantGroup section */
		CFED4CE11940C5A600448AA9 /* Main.storyboard */ = {
			isa = PBXVariantGroup;
			children = (
				CFED4CE01940C5A600448AA9 /* en */,
			);
			name = Main.storyboard;
			sourceTree = "<group>";
		};
/* End PBXVariantGroup section */

/* Begin XCBuildConfiguration section */
		CF6A2FFC194082B800A1D410 /* Debug */ = {
			isa = XCBuildConfiguration;
			buildSettings = {
				ALWAYS_SEARCH_USER_PATHS = NO;
				CLANG_CXX_LANGUAGE_STANDARD = "gnu++0x";
				CLANG_CXX_LIBRARY = "libc++";
				CLANG_ENABLE_MODULES = YES;
				CLANG_ENABLE_OBJC_ARC = YES;
				CLANG_WARN_BOOL_CONVERSION = YES;
				CLANG_WARN_CONSTANT_CONVERSION = YES;
				CLANG_WARN_DIRECT_OBJC_ISA_USAGE = YES_ERROR;
				CLANG_WARN_EMPTY_BODY = YES;
				CLANG_WARN_ENUM_CONVERSION = YES;
				CLANG_WARN_INT_CONVERSION = YES;
				CLANG_WARN_OBJC_ROOT_CLASS = YES_ERROR;
				CLANG_WARN_UNREACHABLE_CODE = YES;
				CLANG_WARN__DUPLICATE_METHOD_MATCH = YES;
				"CODE_SIGN_IDENTITY[sdk=iphoneos*]" = "iPhone Developer";
				COPY_PHASE_STRIP = NO;
				ENABLE_STRICT_OBJC_MSGSEND = YES;
				GCC_C_LANGUAGE_STANDARD = gnu99;
				GCC_DYNAMIC_NO_PIC = NO;
				GCC_OPTIMIZATION_LEVEL = 0;
				GCC_PREPROCESSOR_DEFINITIONS = (
					"DEBUG=1",
					"$(inherited)",
				);
				GCC_SYMBOLS_PRIVATE_EXTERN = NO;
				GCC_WARN_64_TO_32_BIT_CONVERSION = YES;
				GCC_WARN_ABOUT_RETURN_TYPE = YES_ERROR;
				GCC_WARN_UNDECLARED_SELECTOR = YES;
				GCC_WARN_UNINITIALIZED_AUTOS = YES_AGGRESSIVE;
				GCC_WARN_UNUSED_FUNCTION = YES;
				GCC_WARN_UNUSED_VARIABLE = YES;
				IPHONEOS_DEPLOYMENT_TARGET = 8.0;
				METAL_ENABLE_DEBUG_INFO = YES;
				ONLY_ACTIVE_ARCH = YES;
				SDKROOT = iphoneos;
				SWIFT_OPTIMIZATION_LEVEL = "-Onone";
				TARGETED_DEVICE_FAMILY = "1,2";
			};
			name = Debug;
		};
		CF6A2FFD194082B800A1D410 /* Release */ = {
			isa = XCBuildConfiguration;
			buildSettings = {
				ALWAYS_SEARCH_USER_PATHS = NO;
				CLANG_CXX_LANGUAGE_STANDARD = "gnu++0x";
				CLANG_CXX_LIBRARY = "libc++";
				CLANG_ENABLE_MODULES = YES;
				CLANG_ENABLE_OBJC_ARC = YES;
				CLANG_WARN_BOOL_CONVERSION = YES;
				CLANG_WARN_CONSTANT_CONVERSION = YES;
				CLANG_WARN_DIRECT_OBJC_ISA_USAGE = YES_ERROR;
				CLANG_WARN_EMPTY_BODY = YES;
				CLANG_WARN_ENUM_CONVERSION = YES;
				CLANG_WARN_INT_CONVERSION = YES;
				CLANG_WARN_OBJC_ROOT_CLASS = YES_ERROR;
				CLANG_WARN_UNREACHABLE_CODE = YES;
				CLANG_WARN__DUPLICATE_METHOD_MATCH = YES;
				"CODE_SIGN_IDENTITY[sdk=iphoneos*]" = "iPhone Developer";
				COPY_PHASE_STRIP = YES;
				ENABLE_NS_ASSERTIONS = NO;
				ENABLE_STRICT_OBJC_MSGSEND = YES;
				GCC_C_LANGUAGE_STANDARD = gnu99;
				GCC_WARN_64_TO_32_BIT_CONVERSION = YES;
				GCC_WARN_ABOUT_RETURN_TYPE = YES_ERROR;
				GCC_WARN_UNDECLARED_SELECTOR = YES;
				GCC_WARN_UNINITIALIZED_AUTOS = YES_AGGRESSIVE;
				GCC_WARN_UNUSED_FUNCTION = YES;
				GCC_WARN_UNUSED_VARIABLE = YES;
				IPHONEOS_DEPLOYMENT_TARGET = 8.0;
				METAL_ENABLE_DEBUG_INFO = NO;
				SDKROOT = iphoneos;
				TARGETED_DEVICE_FAMILY = "1,2";
				VALIDATE_PRODUCT = YES;
			};
			name = Release;
		};
		CF6A2FFF194082B800A1D410 /* Debug */ = {
			isa = XCBuildConfiguration;
			buildSettings = {
				ASSETCATALOG_COMPILER_APPICON_NAME = AppIcon;
				ASSETCATALOG_COMPILER_LAUNCHIMAGE_NAME = LaunchImage;
				INFOPLIST_FILE = SuperFour2/Info.plist;
				LD_RUNPATH_SEARCH_PATHS = "$(inherited) @executable_path/Frameworks";
				PRODUCT_NAME = "$(TARGET_NAME)";
			};
			name = Debug;
		};
		CF6A3000194082B800A1D410 /* Release */ = {
			isa = XCBuildConfiguration;
			buildSettings = {
				ASSETCATALOG_COMPILER_APPICON_NAME = AppIcon;
				ASSETCATALOG_COMPILER_LAUNCHIMAGE_NAME = LaunchImage;
				INFOPLIST_FILE = SuperFour2/Info.plist;
				LD_RUNPATH_SEARCH_PATHS = "$(inherited) @executable_path/Frameworks";
				PRODUCT_NAME = "$(TARGET_NAME)";
			};
			name = Release;
		};
		CF6A3002194082B800A1D410 /* Debug */ = {
			isa = XCBuildConfiguration;
			buildSettings = {
				BUNDLE_LOADER = "$(BUILT_PRODUCTS_DIR)/SuperFour2.app/SuperFour2";
				FRAMEWORK_SEARCH_PATHS = (
					"$(SDKROOT)/Developer/Library/Frameworks",
					"$(inherited)",
				);
				GCC_PREPROCESSOR_DEFINITIONS = (
					"DEBUG=1",
					"$(inherited)",
				);
				INFOPLIST_FILE = SuperFour2Tests/Info.plist;
				LD_RUNPATH_SEARCH_PATHS = "$(inherited) @executable_path/Frameworks @loader_path/Frameworks";
				METAL_ENABLE_DEBUG_INFO = YES;
				PRODUCT_NAME = "$(TARGET_NAME)";
				TEST_HOST = "$(BUNDLE_LOADER)";
			};
			name = Debug;
		};
		CF6A3003194082B800A1D410 /* Release */ = {
			isa = XCBuildConfiguration;
			buildSettings = {
				BUNDLE_LOADER = "$(BUILT_PRODUCTS_DIR)/SuperFour2.app/SuperFour2";
				FRAMEWORK_SEARCH_PATHS = (
					"$(SDKROOT)/Developer/Library/Frameworks",
					"$(inherited)",
				);
				INFOPLIST_FILE = SuperFour2Tests/Info.plist;
				LD_RUNPATH_SEARCH_PATHS = "$(inherited) @executable_path/Frameworks @loader_path/Frameworks";
				METAL_ENABLE_DEBUG_INFO = NO;
				PRODUCT_NAME = "$(TARGET_NAME)";
				TEST_HOST = "$(BUNDLE_LOADER)";
			};
			name = Release;
		};
/* End XCBuildConfiguration section */

/* Begin XCConfigurationList section */
		CF6A2FE2194082B800A1D410 /* Build configuration list for PBXProject "SuperFour2" */ = {
			isa = XCConfigurationList;
			buildConfigurations = (
				CF6A2FFC194082B800A1D410 /* Debug */,
				CF6A2FFD194082B800A1D410 /* Release */,
			);
			defaultConfigurationIsVisible = 0;
			defaultConfigurationName = Release;
		};
		CF6A2FFE194082B800A1D410 /* Build configuration list for PBXNativeTarget "SuperFour2" */ = {
			isa = XCConfigurationList;
			buildConfigurations = (
				CF6A2FFF194082B800A1D410 /* Debug */,
				CF6A3000194082B800A1D410 /* Release */,
			);
			defaultConfigurationIsVisible = 0;
			defaultConfigurationName = Release;
		};
		CF6A3001194082B800A1D410 /* Build configuration list for PBXNativeTarget "SuperFour2Tests" */ = {
			isa = XCConfigurationList;
			buildConfigurations = (
				CF6A3002194082B800A1D410 /* Debug */,
				CF6A3003194082B800A1D410 /* Release */,
			);
			defaultConfigurationIsVisible = 0;
			defaultConfigurationName = Release;
		};
/* End XCConfigurationList section */
	};
	rootObject = CF6A2FDF194082B800A1D410 /* Project object */;
}
